
Microsoft Visual Studio Solution File, Format Version 12.00
# Visual Studio 14
VisualStudioVersion = 14.0.24627.0
MinimumVisualStudioVersion = 10.0.40219.1
Project("{8BC9CEB8-8B4A-11D0-8D11-00A0C91BC942}") = "moving_system_test", "moving_system_test\moving_system_test.vcxproj", "{1C97C5CE-849D-43B5-B35A-9E2428C24F5F}"
EndProject
Project("{8BC9CEB8-8B4A-11D0-8D11-00A0C91BC942}") = "GameSessionTest", "GameSessionTest\GameSessionTest.vcxproj", "{6C62AB64-342F-4D6A-8AD5-556F6BFBC1E0}"
EndProject
Project("{8BC9CEB8-8B4A-11D0-8D11-00A0C91BC942}") = "Snakebite_asio_client", "Snakebite_asio_client\Snakebite_asio_client.vcxproj", "{0FB7CA49-205E-484F-99CC-DC08C78DECCB}"
	ProjectSection(ProjectDependencies) = postProject
		{61D7901C-6E1B-4E65-AB3C-62006AE70EC1} = {61D7901C-6E1B-4E65-AB3C-62006AE70EC1}
	EndProjectSection
EndProject
Project("{8BC9CEB8-8B4A-11D0-8D11-00A0C91BC942}") = "Snakebite_asio_server", "Snakebite_asio_server\Snakebite_asio_server.vcxproj", "{D2544D0B-AB07-4E74-A18E-060F54DF70EC}"
	ProjectSection(ProjectDependencies) = postProject
		{61D7901C-6E1B-4E65-AB3C-62006AE70EC1} = {61D7901C-6E1B-4E65-AB3C-62006AE70EC1}
	EndProjectSection
EndProject
Project("{8BC9CEB8-8B4A-11D0-8D11-00A0C91BC942}") = "GameSessionSystem", "GameSessionSystem\GameSessionSystem.vcxproj", "{61D7901C-6E1B-4E65-AB3C-62006AE70EC1}"
EndProject
Project("{8BC9CEB8-8B4A-11D0-8D11-00A0C91BC942}") = "test_anything", "test_anything\test_anything.vcxproj", "{5F38677B-2E3F-45D3-9AC8-B6044E4D55CC}"
EndProject
Global
	GlobalSection(SolutionConfigurationPlatforms) = preSolution
		Debug|x64 = Debug|x64
		Release|x64 = Release|x64
	EndGlobalSection
	GlobalSection(ProjectConfigurationPlatforms) = postSolution
		{1C97C5CE-849D-43B5-B35A-9E2428C24F5F}.Debug|x64.ActiveCfg = Debug|x64
		{1C97C5CE-849D-43B5-B35A-9E2428C24F5F}.Release|x64.ActiveCfg = Release|x64
		{6C62AB64-342F-4D6A-8AD5-556F6BFBC1E0}.Debug|x64.ActiveCfg = Debug|x64
		{6C62AB64-342F-4D6A-8AD5-556F6BFBC1E0}.Release|x64.ActiveCfg = Release|x64
		{0FB7CA49-205E-484F-99CC-DC08C78DECCB}.Debug|x64.ActiveCfg = Debug|x64
		{0FB7CA49-205E-484F-99CC-DC08C78DECCB}.Release|x64.ActiveCfg = Release|x64
		{D2544D0B-AB07-4E74-A18E-060F54DF70EC}.Debug|x64.ActiveCfg = Debug|x64
		{D2544D0B-AB07-4E74-A18E-060F54DF70EC}.Debug|x64.Build.0 = Debug|x64
		{D2544D0B-AB07-4E74-A18E-060F54DF70EC}.Release|x64.ActiveCfg = Release|x64
		{D2544D0B-AB07-4E74-A18E-060F54DF70EC}.Release|x64.Build.0 = Release|x64
		{61D7901C-6E1B-4E65-AB3C-62006AE70EC1}.Debug|x64.ActiveCfg = Debug|x64
		{61D7901C-6E1B-4E65-AB3C-62006AE70EC1}.Debug|x64.Build.0 = Debug|x64
		{61D7901C-6E1B-4E65-AB3C-62006AE70EC1}.Release|x64.ActiveCfg = Release|x64
		{61D7901C-6E1B-4E65-AB3C-62006AE70EC1}.Release|x64.Build.0 = Release|x64
		{5F38677B-2E3F-45D3-9AC8-B6044E4D55CC}.Debug|x64.ActiveCfg = Debug|x64
		{5F38677B-2E3F-45D3-9AC8-B6044E4D55CC}.Debug|x64.Build.0 = Debug|x64
		{5F38677B-2E3F-45D3-9AC8-B6044E4D55CC}.Release|x64.ActiveCfg = Release|x64
		{5F38677B-2E3F-45D3-9AC8-B6044E4D55CC}.Release|x64.Build.0 = Release|x64
	EndGlobalSection
	GlobalSection(SolutionProperties) = preSolution
		HideSolutionNode = FALSE
	EndGlobalSection
EndGlobal
