
Microsoft Visual Studio Solution File, Format Version 12.00
# Visual Studio 14
VisualStudioVersion = 14.0.24720.0
MinimumVisualStudioVersion = 10.0.40219.1
Project("{8BC9CEB8-8B4A-11D0-8D11-00A0C91BC942}") = "Snakebite_asio_client", "Snakebite_asio_client\Snakebite_asio_client.vcxproj", "{0FB7CA49-205E-484F-99CC-DC08C78DECCB}"
	ProjectSection(ProjectDependencies) = postProject
		{61D7901C-6E1B-4E65-AB3C-62006AE70EC1} = {61D7901C-6E1B-4E65-AB3C-62006AE70EC1}
	EndProjectSection
EndProject
Project("{8BC9CEB8-8B4A-11D0-8D11-00A0C91BC942}") = "GameSessionSystem", "GameSessionSystem\GameSessionSystem.vcxproj", "{61D7901C-6E1B-4E65-AB3C-62006AE70EC1}"
EndProject
Global
	GlobalSection(SolutionConfigurationPlatforms) = preSolution
		Debug|x64 = Debug|x64
		Debug|x86 = Debug|x86
		Release|x64 = Release|x64
		Release|x86 = Release|x86
	EndGlobalSection
	GlobalSection(ProjectConfigurationPlatforms) = postSolution
		{0FB7CA49-205E-484F-99CC-DC08C78DECCB}.Debug|x64.ActiveCfg = Debug|x64
		{0FB7CA49-205E-484F-99CC-DC08C78DECCB}.Debug|x64.Build.0 = Debug|x64
		{0FB7CA49-205E-484F-99CC-DC08C78DECCB}.Debug|x86.ActiveCfg = Debug|x64
		{0FB7CA49-205E-484F-99CC-DC08C78DECCB}.Release|x64.ActiveCfg = Release|x64
		{0FB7CA49-205E-484F-99CC-DC08C78DECCB}.Release|x64.Build.0 = Release|x64
		{0FB7CA49-205E-484F-99CC-DC08C78DECCB}.Release|x86.ActiveCfg = Release|x64
		{61D7901C-6E1B-4E65-AB3C-62006AE70EC1}.Debug|x64.ActiveCfg = Debug|x64
		{61D7901C-6E1B-4E65-AB3C-62006AE70EC1}.Debug|x64.Build.0 = Debug|x64
		{61D7901C-6E1B-4E65-AB3C-62006AE70EC1}.Debug|x86.ActiveCfg = Debug|Win32
		{61D7901C-6E1B-4E65-AB3C-62006AE70EC1}.Debug|x86.Build.0 = Debug|Win32
		{61D7901C-6E1B-4E65-AB3C-62006AE70EC1}.Release|x64.ActiveCfg = Release|x64
		{61D7901C-6E1B-4E65-AB3C-62006AE70EC1}.Release|x64.Build.0 = Release|x64
		{61D7901C-6E1B-4E65-AB3C-62006AE70EC1}.Release|x86.ActiveCfg = Release|Win32
		{61D7901C-6E1B-4E65-AB3C-62006AE70EC1}.Release|x86.Build.0 = Release|Win32
	EndGlobalSection
	GlobalSection(SolutionProperties) = preSolution
		HideSolutionNode = FALSE
	EndGlobalSection
EndGlobal
