<?xml version="1.0" encoding="utf-8"?>
<Project ToolsVersion="4.0" xmlns="http://schemas.microsoft.com/developer/msbuild/2003">
  <ItemGroup>
    <Filter Include="소스 파일">
      <UniqueIdentifier>{4FC737F1-C7A5-4376-A066-2A32D752A2FF}</UniqueIdentifier>
      <Extensions>cpp;c;cc;cxx;def;odl;idl;hpj;bat;asm;asmx</Extensions>
    </Filter>
    <Filter Include="헤더 파일">
      <UniqueIdentifier>{93995380-89BD-4b04-88EB-625FBE52EBFB}</UniqueIdentifier>
      <Extensions>h;hh;hpp;hxx;hm;inl;inc;xsd</Extensions>
    </Filter>
    <Filter Include="리소스 파일">
      <UniqueIdentifier>{67DA6AB6-F800-4c08-8B7A-83BB121AAD01}</UniqueIdentifier>
      <Extensions>rc;ico;cur;bmp;dlg;rc2;rct;bin;rgs;gif;jpg;jpeg;jpe;resx;tiff;tif;png;wav;mfcribbon-ms</Extensions>
    </Filter>
    <Filter Include="protos">
      <UniqueIdentifier>{a196721e-5a67-42fc-b1d9-ef8bc9b1c03d}</UniqueIdentifier>
    </Filter>
    <Filter Include="rpc">
      <UniqueIdentifier>{98c3bf27-2a3b-4eb9-936f-1728e1dc9212}</UniqueIdentifier>
    </Filter>
  </ItemGroup>
  <ItemGroup>
    <ClCompile Include="main.cpp">
      <Filter>소스 파일</Filter>
    </ClCompile>
    <ClCompile Include="..\acoross\snakebite\protos\sc_snakebite_message.pb.cc">
      <Filter>protos</Filter>
    </ClCompile>
    <ClCompile Include="..\acoross\snakebite\protos\snakebite_message.pb.cc">
      <Filter>protos</Filter>
    </ClCompile>
    <ClCompile Include="..\acoross\rpc\rpc_socket.cpp">
      <Filter>rpc</Filter>
    </ClCompile>
    <ClCompile Include="..\acoross\rpc\rpc_stub.cpp">
      <Filter>rpc</Filter>
    </ClCompile>
    <ClCompile Include="..\acoross\rpc\rpc_service.cpp">
      <Filter>rpc</Filter>
    </ClCompile>
  </ItemGroup>
  <ItemGroup>
    <ClInclude Include="..\acoross\rpc\rpc_packet.h">
      <Filter>rpc</Filter>
    </ClInclude>
    <ClInclude Include="..\acoross\snakebite\protos\sc_snakebite_message.pb.h">
      <Filter>protos</Filter>
    </ClInclude>
    <ClInclude Include="..\acoross\snakebite\protos\snakebite_message.h">
      <Filter>protos</Filter>
    </ClInclude>
    <ClInclude Include="..\acoross\snakebite\protos\snakebite_message.pb.h">
      <Filter>protos</Filter>
    </ClInclude>
    <ClInclude Include="..\acoross\snakebite\protos\snakebite_message_type.h">
      <Filter>protos</Filter>
    </ClInclude>
    <ClInclude Include="..\acoross\rpc\rpc_service.h">
      <Filter>rpc</Filter>
    </ClInclude>
    <ClInclude Include="..\acoross\rpc\rpc_socket.h">
      <Filter>rpc</Filter>
    </ClInclude>
    <ClInclude Include="..\acoross\rpc\rpc_stub.h">
      <Filter>rpc</Filter>
    </ClInclude>
    <ClInclude Include="..\acoross\rpc\rpc_server.h">
      <Filter>rpc</Filter>
    </ClInclude>
  </ItemGroup>
  <ItemGroup>
    <None Include="packages.config" />
  </ItemGroup>
</Project>