<?xml version="1.0" encoding="utf-8"?>
<Project ToolsVersion="4.0" xmlns="http://schemas.microsoft.com/developer/msbuild/2003">
  <ItemGroup>
    <Filter Include="소스 파일">
      <UniqueIdentifier>{4FC737F1-C7A5-4376-A066-2A32D752A2FF}</UniqueIdentifier>
      <Extensions>cpp;c;cc;cxx;def;odl;idl;hpj;bat;asm;asmx</Extensions>
    </Filter>
    <Filter Include="헤더 파일">
      <UniqueIdentifier>{93995380-89BD-4b04-88EB-625FBE52EBFB}</UniqueIdentifier>
      <Extensions>h;hh;hpp;hxx;hm;inl;inc;xsd</Extensions>
    </Filter>
    <Filter Include="리소스 파일">
      <UniqueIdentifier>{67DA6AB6-F800-4c08-8B7A-83BB121AAD01}</UniqueIdentifier>
      <Extensions>rc;ico;cur;bmp;dlg;rc2;rct;bin;rgs;gif;jpg;jpeg;jpe;resx;tiff;tif;png;wav;mfcribbon-ms</Extensions>
    </Filter>
    <Filter Include="game_session">
      <UniqueIdentifier>{1de09b59-2ab0-4b76-b43d-ecc91b051e00}</UniqueIdentifier>
    </Filter>
    <Filter Include="lib">
      <UniqueIdentifier>{e4b2798a-88bc-4d56-8784-e6b9071785b7}</UniqueIdentifier>
    </Filter>
    <Filter Include="lib\win">
      <UniqueIdentifier>{11e9a164-1366-43fb-848b-47a5770c4599}</UniqueIdentifier>
    </Filter>
  </ItemGroup>
  <ItemGroup>
    <ClCompile Include="..\acoross\snakebite\game_session.cpp">
      <Filter>game_session</Filter>
    </ClCompile>
    <ClCompile Include="..\acoross\snakebite\snake.cpp">
      <Filter>game_session</Filter>
    </ClCompile>
    <ClCompile Include="..\acoross\snakebite\snake_collider.cpp">
      <Filter>game_session</Filter>
    </ClCompile>
    <ClCompile Include="snakebite_asio_server.cpp">
      <Filter>소스 파일</Filter>
    </ClCompile>
    <ClCompile Include="..\acoross\snakebite\win\WinWrapper.cpp">
      <Filter>lib\win</Filter>
    </ClCompile>
  </ItemGroup>
  <ItemGroup>
    <None Include="packages.config" />
  </ItemGroup>
  <ItemGroup>
    <ClInclude Include="..\acoross\snakebite\Apple.h">
      <Filter>game_session</Filter>
    </ClInclude>
    <ClInclude Include="..\acoross\snakebite\game_object.h">
      <Filter>game_session</Filter>
    </ClInclude>
    <ClInclude Include="..\acoross\snakebite\game_session.h">
      <Filter>game_session</Filter>
    </ClInclude>
    <ClInclude Include="..\acoross\snakebite\game_session_drawer.h">
      <Filter>game_session</Filter>
    </ClInclude>
    <ClInclude Include="..\acoross\snakebite\snake.h">
      <Filter>game_session</Filter>
    </ClInclude>
    <ClInclude Include="..\acoross\snakebite\snake_collider.h">
      <Filter>game_session</Filter>
    </ClInclude>
    <ClInclude Include="game_server.h">
      <Filter>헤더 파일</Filter>
    </ClInclude>
    <ClInclude Include="..\acoross\snakebite\win\targetver.h">
      <Filter>lib\win</Filter>
    </ClInclude>
    <ClInclude Include="..\acoross\snakebite\win\WinWrapper.h">
      <Filter>lib\win</Filter>
    </ClInclude>
    <ClInclude Include="..\acoross\snakebite\win\Resource.h">
      <Filter>lib\win</Filter>
    </ClInclude>
  </ItemGroup>
  <ItemGroup>
    <ResourceCompile Include="..\acoross\snakebite\win\SnakebiteM1.rc">
      <Filter>lib\win</Filter>
    </ResourceCompile>
  </ItemGroup>
</Project>