<?xml version="1.0" encoding="utf-8"?>
<Project ToolsVersion="4.0" xmlns="http://schemas.microsoft.com/developer/msbuild/2003">
  <ItemGroup>
    <Filter Include="소스 파일">
      <UniqueIdentifier>{4FC737F1-C7A5-4376-A066-2A32D752A2FF}</UniqueIdentifier>
      <Extensions>cpp;c;cc;cxx;def;odl;idl;hpj;bat;asm;asmx</Extensions>
    </Filter>
    <Filter Include="헤더 파일">
      <UniqueIdentifier>{93995380-89BD-4b04-88EB-625FBE52EBFB}</UniqueIdentifier>
      <Extensions>h;hh;hpp;hxx;hm;inl;inc;xsd</Extensions>
    </Filter>
    <Filter Include="리소스 파일">
      <UniqueIdentifier>{67DA6AB6-F800-4c08-8B7A-83BB121AAD01}</UniqueIdentifier>
      <Extensions>rc;ico;cur;bmp;dlg;rc2;rct;bin;rgs;gif;jpg;jpeg;jpe;resx;tiff;tif;png;wav;mfcribbon-ms</Extensions>
    </Filter>
    <Filter Include="protos">
      <UniqueIdentifier>{4d759328-ecba-4612-94d4-53899fb98905}</UniqueIdentifier>
    </Filter>
    <Filter Include="game_session">
      <UniqueIdentifier>{b037c608-fcae-477a-aa08-f2feef5fd62f}</UniqueIdentifier>
    </Filter>
    <Filter Include="lib">
      <UniqueIdentifier>{5360856c-429e-4bc0-88b6-12fb3b7a58e9}</UniqueIdentifier>
    </Filter>
    <Filter Include="lib\win">
      <UniqueIdentifier>{8178ebc6-e25b-4156-8b20-9e5fc5c7ff0b}</UniqueIdentifier>
    </Filter>
    <Filter Include="rpc">
      <UniqueIdentifier>{958399c6-2a68-473b-b30e-18dae25698c0}</UniqueIdentifier>
    </Filter>
  </ItemGroup>
  <ItemGroup>
    <ClCompile Include="snakebite_asio_client.cpp">
      <Filter>소스 파일</Filter>
    </ClCompile>
    <ClCompile Include="..\acoross\snakebite\protos\snakebite_message.pb.cc">
      <Filter>protos</Filter>
    </ClCompile>
    <ClCompile Include="..\acoross\snakebite\snake_npc_control_manager.cpp">
      <Filter>game_session</Filter>
    </ClCompile>
    <ClCompile Include="..\acoross\snakebite\win\WinWrapper.cpp">
      <Filter>lib\win</Filter>
    </ClCompile>
    <ClCompile Include="game_client.cpp">
      <Filter>소스 파일</Filter>
    </ClCompile>
    <ClCompile Include="..\acoross\snakebite\protos\sc_snakebite_message.pb.cc">
      <Filter>protos</Filter>
    </ClCompile>
    <ClCompile Include="..\acoross\snakebite\rpc\asio_protobuf_rpc_stub.cpp">
      <Filter>rpc</Filter>
    </ClCompile>
  </ItemGroup>
  <ItemGroup>
    <ClInclude Include="game_client.h">
      <Filter>헤더 파일</Filter>
    </ClInclude>
    <ClInclude Include="..\acoross\snakebite\protos\snakebite_message.pb.h">
      <Filter>protos</Filter>
    </ClInclude>
    <ClInclude Include="..\acoross\snakebite\protos\snakebite_message_type.h">
      <Filter>protos</Filter>
    </ClInclude>
    <ClInclude Include="..\acoross\snakebite\protos\snakebite_message.h">
      <Filter>protos</Filter>
    </ClInclude>
    <ClInclude Include="..\acoross\snakebite\snake_npc_control_manager.h">
      <Filter>game_session</Filter>
    </ClInclude>
    <ClInclude Include="..\acoross\snakebite\util.h">
      <Filter>game_session</Filter>
    </ClInclude>
    <ClInclude Include="..\acoross\snakebite\win\WinWrapper.h">
      <Filter>lib\win</Filter>
    </ClInclude>
    <ClInclude Include="..\acoross\snakebite\win\Resource.h">
      <Filter>lib\win</Filter>
    </ClInclude>
    <ClInclude Include="..\acoross\snakebite\win\targetver.h">
      <Filter>lib\win</Filter>
    </ClInclude>
    <ClInclude Include="..\acoross\snakebite\protos\sc_snakebite_message.pb.h">
      <Filter>protos</Filter>
    </ClInclude>
    <ClInclude Include="..\acoross\snakebite\game_session\game_session_system.h">
      <Filter>game_session</Filter>
    </ClInclude>
    <ClInclude Include="..\acoross\snakebite\rpc\asio_protobuf_rpc_stub.h">
      <Filter>rpc</Filter>
    </ClInclude>
    <ClInclude Include="..\acoross\snakebite\rpc\rpc_message.h">
      <Filter>rpc</Filter>
    </ClInclude>
  </ItemGroup>
  <ItemGroup>
    <None Include="packages.config" />
    <None Include="..\acoross\snakebite\protos\snakebite_message.proto">
      <Filter>protos</Filter>
    </None>
    <None Include="..\acoross\snakebite\protos\sc_snakebite_message.proto">
      <Filter>protos</Filter>
    </None>
  </ItemGroup>
  <ItemGroup>
    <ResourceCompile Include="..\acoross\snakebite\win\SnakebiteM1.rc">
      <Filter>lib\win</Filter>
    </ResourceCompile>
  </ItemGroup>
</Project>